{
  "name": "petshop-prado",
  "version": "2.0.0",
  "lockfileVersion": 3,
  "requires": true,
  "packages": {
    "": {
      "name": "petshop-prado",
      "version": "2.0.0",
      "dependencies": {
        "dotenv": "^16.4.7",
        "mongodb": "^6.12.0"
      },
      "engines": {
        "node": ">=18.0.0"
      },
      "optionalDependencies": {
        "node-forge": "^1.4.0",
        "selfsigned": "^5.5.0",
        "systray2": "^2.1.4"
      }
    },
    "node_modules/@mongodb-js/saslprep": {
      "version": "1.4.13",
      "resolved": "https://registry.npmjs.org/@mongodb-js/saslprep/-/saslprep-1.4.13.tgz",
      "integrity": "sha512-E3Sv4eCYAlKYUTx8S3ioQcDUscOif+8zZ5OnW1IzJ+Tt+EO+ke8mn+Y3FX6N1H79picwbdOavVOb1jPi2EOyrg==",
      "license": "MIT",
      "dependencies": {
        "sparse-bitfield": "^3.0.3"
      }
    },
    "node_modules/@noble/hashes": {
      "version": "1.4.0",
      "resolved": "https://registry.npmjs.org/@noble/hashes/-/hashes-1.4.0.tgz",
      "integrity": "sha512-V1JJ1WTRUqHHrOSh597hURcMqVKVGL/ea3kv0gSnEdsEZ0/+VyPghM1lMNGc00z7CIQorSvbKpuJkxvuHbvdbg==",
      "license": "MIT",
      "optional": true,
      "engines": {
        "node": ">= 16"
      },
      "funding": {
        "url": "https://paulmillr.com/funding/"
      }
    },
    "node_modules/@peculiar/asn1-cms": {
      "version": "2.8.0",
      "resolved": "https://registry.npmjs.org/@peculiar/asn1-cms/-/asn1-cms-2.8.0.tgz",
      "integrity": "sha512-NgekZOrSJFSBFLFoLfwePguAWAx7z1+f2TEsWFUMyiqqfntZ4+S/S5hzqME3q4pCA0iOsFKdwiQ35dwY24eVqA==",
      "license": "MIT",
      "optional": true,
      "dependencies": {
        "@peculiar/asn1-schema": "^2.8.0",
        "@peculiar/asn1-x509": "^2.8.0",
        "@peculiar/asn1-x509-attr": "^2.8.0",
        "asn1js": "^3.0.10",
        "tslib": "^2.8.1"
      }
    },
    "node_modules/@peculiar/asn1-csr": {
      "version": "2.8.0",
      "resolved": "https://registry.npmjs.org/@peculiar/asn1-csr/-/asn1-csr-2.8.0.tgz",
      "integrity": "sha512-akbF8+uvleHs8sejNPQxwmVFuInAg6FMNHOwMILXfP518YfFJwdR3jr6oNUPOaEJfuEhn/vkNOCIT6ASUd4mbg==",
      "license": "MIT",
      "optional": true,
      "dependencies": {
        "@peculiar/asn1-schema": "^2.8.0",
        "@peculiar/asn1-x509": "^2.8.0",
        "asn1js": "^3.0.10",
        "tslib": "^2.8.1"
      }
    },
    "node_modules/@peculiar/asn1-ecc": {
      "version": "2.8.0",
      "resolved": "https://registry.npmjs.org/@peculiar/asn1-ecc/-/asn1-ecc-2.8.0.tgz",
      "integrity": "sha512-ohwlk+u9Rv2NOAY1c6MfHj45ATVF8R1DUN/WCgABiRtLi2ZftlZWZX7KvpAbU8v9xPcmoILfELeEABj/rn18AQ==",
      "license": "MIT",
      "optional": true,
      "dependencies": {
        "@peculiar/asn1-schema": "^2.8.0",
        "@peculiar/asn1-x509": "^2.8.0",
        "asn1js": "^3.0.10",
        "tslib": "^2.8.1"
      }
    },
    "node_modules/@peculiar/asn1-pfx": {
      "version": "2.8.0",
      "resolved": "https://registry.npmjs.org/@peculiar/asn1-pfx/-/asn1-pfx-2.8.0.tgz",
      "integrity": "sha512-5yof1ytoB++RQtaFbqSUJ8pxDJtZT6vbVqZ8XoJ61ph7UjNVvfFwAilnCodqkNsAodpy13gDhoxZXw00pghnyg==",
      "license": "MIT",
      "optional": true,
      "dependencies": {
        "@peculiar/asn1-cms": "^2.8.0",
        "@peculiar/asn1-pkcs8": "^2.8.0",
        "@peculiar/asn1-rsa": "^2.8.0",
        "@peculiar/asn1-schema": "^2.8.0",
        "asn1js": "^3.0.10",
        "tslib": "^2.8.1"
      }
    },
    "node_modules/@peculiar/asn1-pkcs8": {
      "version": "2.8.0",
      "resolved": "https://registry.npmjs.org/@peculiar/asn1-pkcs8/-/asn1-pkcs8-2.8.0.tgz",
      "integrity": "sha512-qAKXtLpBEw9LqhKpjw3ajZSXlBur+ipW+y2ivVBQAG6F6qRx94yO+1ZR4mvw+YaCfKSaOzLeYEzsPaBp4SJELA==",
      "license": "MIT",
      "optional": true,
      "dependencies": {
        "@peculiar/asn1-schema": "^2.8.0",
        "@peculiar/asn1-x509": "^2.8.0",
        "asn1js": "^3.0.10",
        "tslib": "^2.8.1"
      }
    },
    "node_modules/@peculiar/asn1-pkcs9": {
      "version": "2.8.0",
      "resolved": "https://registry.npmjs.org/@peculiar/asn1-pkcs9/-/asn1-pkcs9-2.8.0.tgz",
      "integrity": "sha512-b5nDWCnkV60+cQ141D6sVVwK9nz64R5n3zSVnklGd+ECdkW2Ol3U1a6yYFlalpSOaD557yuJB64A+q42jG7lUQ==",
      "license": "MIT",
      "optional": true,
      "dependencies": {
        "@peculiar/asn1-cms": "^2.8.0",
        "@peculiar/asn1-pfx": "^2.8.0",
        "@peculiar/asn1-pkcs8": "^2.8.0",
        "@peculiar/asn1-schema": "^2.8.0",
        "@peculiar/asn1-x509": "^2.8.0",
        "@peculiar/asn1-x509-attr": "^2.8.0",
        "asn1js": "^3.0.10",
        "tslib": "^2.8.1"
      }
    },
    "node_modules/@peculiar/asn1-rsa": {
      "version": "2.8.0",
      "resolved": "https://registry.npmjs.org/@peculiar/asn1-rsa/-/asn1-rsa-2.8.0.tgz",
      "integrity": "sha512-zHEUlCqB2mk7x2lxDwHHJy7hWZOPdGHVlsmITWKB5/PbQo61atbu9PJ/0r9dQNMwFzbKPXZ8uK8/91eUhRznSg==",
      "license": "MIT",
      "optional": true,
      "dependencies": {
        "@peculiar/asn1-schema": "^2.8.0",
        "@peculiar/asn1-x509": "^2.8.0",
        "asn1js": "^3.0.10",
        "tslib": "^2.8.1"
      }
    },
    "node_modules/@peculiar/asn1-schema": {
      "version": "2.8.0",
      "resolved": "https://registry.npmjs.org/@peculiar/asn1-schema/-/asn1-schema-2.8.0.tgz",
      "integrity": "sha512-7YT0U/ze0tF2QOBbE15gKZwy5tvgGyLRiRHLzhlbOpf7BT032oBSd0haZqXn5W6l26WLlu3dyxzjM+2638/z2Q==",
      "license": "MIT",
      "optional": true,
      "dependencies": {
        "@peculiar/utils": "^2.0.2",
        "asn1js": "^3.0.10",
        "tslib": "^2.8.1"
      }
    },
    "node_modules/@peculiar/asn1-x509": {
      "version": "2.8.0",
      "resolved": "https://registry.npmjs.org/@peculiar/asn1-x509/-/asn1-x509-2.8.0.tgz",
      "integrity": "sha512-N0CMuhWUzsWEVq6F1q9X6+VKUnWzSW+cSVg+aPaGGwDdbFoFWTYgin5MHwXgpWd6y9COMBxnfy/Qc+Xc7F0Zwg==",
      "license": "MIT",
      "optional": true,
      "dependencies": {
        "@peculiar/asn1-schema": "^2.8.0",
        "@peculiar/utils": "^2.0.2",
        "asn1js": "^3.0.10",
        "tslib": "^2.8.1"
      }
    },
    "node_modules/@peculiar/asn1-x509-attr": {
      "version": "2.8.0",
      "resolved": "https://registry.npmjs.org/@peculiar/asn1-x509-attr/-/asn1-x509-attr-2.8.0.tgz",
      "integrity": "sha512-tHjkfS/qhMnmrlB2J9NhflQlQ7In3khO3CfmVrriOlpTeErY9ZIKOso1hQ5JQiyrJ7ShvqVPk7E5fQmbclkSKA==",
      "license": "MIT",
      "optional": true,
      "dependencies": {
        "@peculiar/asn1-schema": "^2.8.0",
        "@peculiar/asn1-x509": "^2.8.0",
        "asn1js": "^3.0.10",
        "tslib": "^2.8.1"
      }
    },
    "node_modules/@peculiar/utils": {
      "version": "2.0.3",
      "resolved": "https://registry.npmjs.org/@peculiar/utils/-/utils-2.0.3.tgz",
      "integrity": "sha512-+oL3HPFRIZ1St2K50lWCXiioIgSoxzz7R1J3uF6neO2yl1sgmpgY6XXJH4BdpoDkMWznQTeYF6oWNDZLCdQ4eQ==",
      "license": "MIT",
      "optional": true,
      "dependencies": {
        "tslib": "^2.8.1"
      }
    },
    "node_modules/@peculiar/x509": {
      "version": "1.14.3",
      "resolved": "https://registry.npmjs.org/@peculiar/x509/-/x509-1.14.3.tgz",
      "integrity": "sha512-C2Xj8FZ0uHWeCXXqX5B4/gVFQmtSkiuOolzAgutjTfseNOHT3pUjljDZsTSxXFGgio54bCzVFqmEOUrIVk8RDA==",
      "license": "MIT",
      "optional": true,
      "dependencies": {
        "@peculiar/asn1-cms": "^2.6.0",
        "@peculiar/asn1-csr": "^2.6.0",
        "@peculiar/asn1-ecc": "^2.6.0",
        "@peculiar/asn1-pkcs9": "^2.6.0",
        "@peculiar/asn1-rsa": "^2.6.0",
        "@peculiar/asn1-schema": "^2.6.0",
        "@peculiar/asn1-x509": "^2.6.0",
        "pvtsutils": "^1.3.6",
        "reflect-metadata": "^0.2.2",
        "tslib": "^2.8.1",
        "tsyringe": "^4.10.0"
      },
      "engines": {
        "node": ">=20.0.0"
      }
    },
    "node_modules/@types/webidl-conversions": {
      "version": "7.0.3",
      "resolved": "https://registry.npmjs.org/@types/webidl-conversions/-/webidl-conversions-7.0.3.tgz",
      "integrity": "sha512-CiJJvcRtIgzadHCYXw7dqEnMNRjhGZlYK05Mj9OyktqV8uVT8fD2BFOB7S1uwBE3Kj2Z+4UyPmFw/Ixgw/LAlA==",
      "license": "MIT"
    },
    "node_modules/@types/whatwg-url": {
      "version": "11.0.5",
      "resolved": "https://registry.npmjs.org/@types/whatwg-url/-/whatwg-url-11.0.5.tgz",
      "integrity": "sha512-coYR071JRaHa+xoEvvYqvnIHaVqaYrLPbsufM9BF63HkwI5Lgmy2QR8Q5K/lYDYo5AK82wOvSOS0UsLTpTG7uQ==",
      "license": "MIT",
      "dependencies": {
        "@types/webidl-conversions": "*"
      }
    },
    "node_modules/asn1js": {
      "version": "3.0.10",
      "resolved": "https://registry.npmjs.org/asn1js/-/asn1js-3.0.10.tgz",
      "integrity": "sha512-S2s3aOytiKdFRdulw2qPE51MzjzVOisppcVv7jVFR+Kw0kxwvFrDcYA0h7Ndqbmj0HkMIXYWaoj7fli8kgx1eg==",
      "license": "BSD-3-Clause",
      "optional": true,
      "dependencies": {
        "pvtsutils": "^1.3.6",
        "pvutils": "^1.1.5",
        "tslib": "^2.8.1"
      },
      "engines": {
        "node": ">=12.0.0"
      }
    },
    "node_modules/bson": {
      "version": "6.10.4",
      "resolved": "https://registry.npmjs.org/bson/-/bson-6.10.4.tgz",
      "integrity": "sha512-WIsKqkSC0ABoBJuT1LEX+2HEvNmNKKgnTAyd0fL8qzK4SH2i9NXg+t08YtdZp/V9IZ33cxe3iV4yM0qg8lMQng==",
      "license": "Apache-2.0",
      "engines": {
        "node": ">=16.20.1"
      }
    },
    "node_modules/bytestreamjs": {
      "version": "2.0.1",
      "resolved": "https://registry.npmjs.org/bytestreamjs/-/bytestreamjs-2.0.1.tgz",
      "integrity": "sha512-U1Z/ob71V/bXfVABvNr/Kumf5VyeQRBEm6Txb0PQ6S7V5GpBM3w4Cbqz/xPDicR5tN0uvDifng8C+5qECeGwyQ==",
      "license": "BSD-3-Clause",
      "optional": true,
      "engines": {
        "node": ">=6.0.0"
      }
    },
    "node_modules/debug": {
      "version": "4.4.3",
      "resolved": "https://registry.npmjs.org/debug/-/debug-4.4.3.tgz",
      "integrity": "sha512-RGwwWnwQvkVfavKVt22FGLw+xYSdzARwm0ru6DhTVA3umU5hZc28V3kO4stgYryrTlLpuvgI9GiijltAjNbcqA==",
      "license": "MIT",
      "optional": true,
      "dependencies": {
        "ms": "^2.1.3"
      },
      "engines": {
        "node": ">=6.0"
      },
      "peerDependenciesMeta": {
        "supports-color": {
          "optional": true
        }
      }
    },
    "node_modules/dotenv": {
      "version": "16.6.1",
      "resolved": "https://registry.npmjs.org/dotenv/-/dotenv-16.6.1.tgz",
      "integrity": "sha512-uBq4egWHTcTt33a72vpSG0z3HnPuIl6NqYcTrKEg2azoEyl2hpW0zqlxysq2pK9HlDIHyHyakeYaYnSAwd8bow==",
      "license": "BSD-2-Clause",
      "engines": {
        "node": ">=12"
      },
      "funding": {
        "url": "https://dotenvx.com"
      }
    },
    "node_modules/fs-extra": {
      "version": "10.1.0",
      "resolved": "https://registry.npmjs.org/fs-extra/-/fs-extra-10.1.0.tgz",
      "integrity": "sha512-oRXApq54ETRj4eMiFzGnHWGy+zo5raudjuxN0b8H7s/RU2oW0Wvsx9O0ACRN/kRq9E8Vu/ReskGB5o3ji+FzHQ==",
      "license": "MIT",
      "optional": true,
      "dependencies": {
        "graceful-fs": "^4.2.0",
        "jsonfile": "^6.0.1",
        "universalify": "^2.0.0"
      },
      "engines": {
        "node": ">=12"
      }
    },
    "node_modules/graceful-fs": {
      "version": "4.2.11",
      "resolved": "https://registry.npmjs.org/graceful-fs/-/graceful-fs-4.2.11.tgz",
      "integrity": "sha512-RbJ5/jmFcNNCcDV5o9eTnBLJ/HszWV0P73bc+Ff4nS/rJj+YaS6IGyiOL0VoBYX+l1Wrl3k63h/KrH+nhJ0XvQ==",
      "license": "ISC",
      "optional": true
    },
    "node_modules/jsonfile": {
      "version": "6.2.1",
      "resolved": "https://registry.npmjs.org/jsonfile/-/jsonfile-6.2.1.tgz",
      "integrity": "sha512-zwOTdL3rFQ/lRdBnntKVOX6k5cKJwEc1HdilT71BWEu7J41gXIB2MRp+vxduPSwZJPWBxEzv4yH1wYLJGUHX4Q==",
      "license": "MIT",
      "optional": true,
      "dependencies": {
        "universalify": "^2.0.0"
      },
      "optionalDependencies": {
        "graceful-fs": "^4.1.6"
      }
    },
    "node_modules/memory-pager": {
      "version": "1.5.0",
      "resolved": "https://registry.npmjs.org/memory-pager/-/memory-pager-1.5.0.tgz",
      "integrity": "sha512-ZS4Bp4r/Zoeq6+NLJpP+0Zzm0pR8whtGPf1XExKLJBAczGMnSi3It14OiNCStjQjM6NU1okjQGSxgEZN8eBYKg==",
      "license": "MIT"
    },
    "node_modules/mongodb": {
      "version": "6.21.0",
      "resolved": "https://registry.npmjs.org/mongodb/-/mongodb-6.21.0.tgz",
      "integrity": "sha512-URyb/VXMjJ4da46OeSXg+puO39XH9DeQpWCslifrRn9JWugy0D+DvvBvkm2WxmHe61O/H19JM66p1z7RHVkZ6A==",
      "license": "Apache-2.0",
      "dependencies": {
        "@mongodb-js/saslprep": "^1.3.0",
        "bson": "^6.10.4",
        "mongodb-connection-string-url": "^3.0.2"
      },
      "engines": {
        "node": ">=16.20.1"
      },
      "peerDependencies": {
        "@aws-sdk/credential-providers": "^3.188.0",
        "@mongodb-js/zstd": "^1.1.0 || ^2.0.0",
        "gcp-metadata": "^5.2.0",
        "kerberos": "^2.0.1",
        "mongodb-client-encryption": ">=6.0.0 <7",
        "snappy": "^7.3.2",
        "socks": "^2.7.1"
      },
      "peerDependenciesMeta": {
        "@aws-sdk/credential-providers": {
          "optional": true
        },
        "@mongodb-js/zstd": {
          "optional": true
        },
        "gcp-metadata": {
          "optional": true
        },
        "kerberos": {
          "optional": true
        },
        "mongodb-client-encryption": {
          "optional": true
        },
        "snappy": {
          "optional": true
        },
        "socks": {
          "optional": true
        }
      }
    },
    "node_modules/mongodb-connection-string-url": {
      "version": "3.0.2",
      "resolved": "https://registry.npmjs.org/mongodb-connection-string-url/-/mongodb-connection-string-url-3.0.2.tgz",
      "integrity": "sha512-rMO7CGo/9BFwyZABcKAWL8UJwH/Kc2x0g72uhDWzG48URRax5TCIcJ7Rc3RZqffZzO/Gwff/jyKwCU9TN8gehA==",
      "license": "Apache-2.0",
      "dependencies": {
        "@types/whatwg-url": "^11.0.2",
        "whatwg-url": "^14.1.0 || ^13.0.0"
      }
    },
    "node_modules/ms": {
      "version": "2.1.3",
      "resolved": "https://registry.npmjs.org/ms/-/ms-2.1.3.tgz",
      "integrity": "sha512-6FlzubTLZG3J2a/NVCAleEhjzq5oxgHyaCU9yYXvcLsvoVaHJq/s5xXI6/XXP6tz7R9xAOtHnSO/tXtF3WRTlA==",
      "license": "MIT",
      "optional": true
    },
    "node_modules/node-forge": {
      "version": "1.4.0",
      "resolved": "https://registry.npmjs.org/node-forge/-/node-forge-1.4.0.tgz",
      "integrity": "sha512-LarFH0+6VfriEhqMMcLX2F7SwSXeWwnEAJEsYm5QKWchiVYVvJyV9v7UDvUv+w5HO23ZpQTXDv/GxdDdMyOuoQ==",
      "license": "(BSD-3-Clause OR GPL-2.0)",
      "optional": true,
      "engines": {
        "node": ">= 6.13.0"
      }
    },
    "node_modules/pkijs": {
      "version": "3.4.0",
      "resolved": "https://registry.npmjs.org/pkijs/-/pkijs-3.4.0.tgz",
      "integrity": "sha512-emEcLuomt2j03vxD54giVB4SxTjnsqkU692xZOZXHDVoYyypEm+b3jpiTcc+Cf+myooc+/Ly0z01jqeNHVgJGw==",
      "license": "BSD-3-Clause",
      "optional": true,
      "dependencies": {
        "@noble/hashes": "1.4.0",
        "asn1js": "^3.0.6",
        "bytestreamjs": "^2.0.1",
        "pvtsutils": "^1.3.6",
        "pvutils": "^1.1.3",
        "tslib": "^2.8.1"
      },
      "engines": {
        "node": ">=16.0.0"
      }
    },
    "node_modules/punycode": {
      "version": "2.3.1",
      "resolved": "https://registry.npmjs.org/punycode/-/punycode-2.3.1.tgz",
      "integrity": "sha512-vYt7UD1U9Wg6138shLtLOvdAu+8DsC/ilFtEVHcH+wydcSpNE20AfSOduf6MkRFahL5FY7X1oU7nKVZFtfq8Fg==",
      "license": "MIT",
      "engines": {
        "node": ">=6"
      }
    },
    "node_modules/pvtsutils": {
      "version": "1.3.6",
      "resolved": "https://registry.npmjs.org/pvtsutils/-/pvtsutils-1.3.6.tgz",
      "integrity": "sha512-PLgQXQ6H2FWCaeRak8vvk1GW462lMxB5s3Jm673N82zI4vqtVUPuZdffdZbPDFRoU8kAhItWFtPCWiPpp4/EDg==",
      "license": "MIT",
      "optional": true,
      "dependencies": {
        "tslib": "^2.8.1"
      }
    },
    "node_modules/pvutils": {
      "version": "1.1.5",
      "resolved": "https://registry.npmjs.org/pvutils/-/pvutils-1.1.5.tgz",
      "integrity": "sha512-KTqnxsgGiQ6ZAzZCVlJH5eOjSnvlyEgx1m8bkRJfOhmGRqfo5KLvmAlACQkrjEtOQ4B7wF9TdSLIs9O90MX9xA==",
      "license": "MIT",
      "optional": true,
      "engines": {
        "node": ">=16.0.0"
      }
    },
    "node_modules/reflect-metadata": {
      "version": "0.2.2",
      "resolved": "https://registry.npmjs.org/reflect-metadata/-/reflect-metadata-0.2.2.tgz",
      "integrity": "sha512-urBwgfrvVP/eAyXx4hluJivBKzuEbSQs9rKWCrCkbSxNv8mxPcUZKeuoF3Uy4mJl3Lwprp6yy5/39VWigZ4K6Q==",
      "license": "Apache-2.0",
      "optional": true
    },
    "node_modules/selfsigned": {
      "version": "5.5.0",
      "resolved": "https://registry.npmjs.org/selfsigned/-/selfsigned-5.5.0.tgz",
      "integrity": "sha512-ftnu3TW4+3eBfLRFnDEkzGxSF/10BJBkaLJuBHZX0kiPS7bRdlpZGu6YGt4KngMkdTwJE6MbjavFpqHvqVt+Ew==",
      "license": "MIT",
      "optional": true,
      "dependencies": {
        "@peculiar/x509": "^1.14.2",
        "pkijs": "^3.3.3"
      },
      "engines": {
        "node": ">=18"
      }
    },
    "node_modules/sparse-bitfield": {
      "version": "3.0.3",
      "resolved": "https://registry.npmjs.org/sparse-bitfield/-/sparse-bitfield-3.0.3.tgz",
      "integrity": "sha512-kvzhi7vqKTfkh0PZU+2D2PIllw2ymqJKujUcyPMd9Y75Nv4nPbGJZXNhxsgdQab2BmlDct1YnfQCguEvHr7VsQ==",
      "license": "MIT",
      "dependencies": {
        "memory-pager": "^1.0.2"
      }
    },
    "node_modules/systray2": {
      "version": "2.1.4",
      "resolved": "https://registry.npmjs.org/systray2/-/systray2-2.1.4.tgz",
      "integrity": "sha512-ncviZ7m2fecb2tAAx7pl4nlbnwvSyL4GIKnRUvfiJXTsHysh3chSlxVxNk7Yj8jlfF2TsBn2CjLwCfhJQkR7/w==",
      "license": "MIT",
      "optional": true,
      "dependencies": {
        "debug": "^4.3.2",
        "fs-extra": "^10.0.0"
      },
      "engines": {
        "node": ">=4.0.0"
      }
    },
    "node_modules/tr46": {
      "version": "5.1.1",
      "resolved": "https://registry.npmjs.org/tr46/-/tr46-5.1.1.tgz",
      "integrity": "sha512-hdF5ZgjTqgAntKkklYw0R03MG2x/bSzTtkxmIRw/sTNV8YXsCJ1tfLAX23lhxhHJlEf3CRCOCGGWw3vI3GaSPw==",
      "license": "MIT",
      "dependencies": {
        "punycode": "^2.3.1"
      },
      "engines": {
        "node": ">=18"
      }
    },
    "node_modules/tslib": {
      "version": "2.8.1",
      "resolved": "https://registry.npmjs.org/tslib/-/tslib-2.8.1.tgz",
      "integrity": "sha512-oJFu94HQb+KVduSUQL7wnpmqnfmLsOA/nAh6b6EH0wCEoK0/mPeXU6c3wKDV83MkOuHPRHtSXKKU99IBazS/2w==",
      "license": "0BSD",
      "optional": true
    },
    "node_modules/tsyringe": {
      "version": "4.10.0",
      "resolved": "https://registry.npmjs.org/tsyringe/-/tsyringe-4.10.0.tgz",
      "integrity": "sha512-axr3IdNuVIxnaK5XGEUFTu3YmAQ6lllgrvqfEoR16g/HGnYY/6We4oWENtAnzK6/LpJ2ur9PAb80RBt7/U4ugw==",
      "license": "MIT",
      "optional": true,
      "dependencies": {
        "tslib": "^1.9.3"
      },
      "engines": {
        "node": ">= 6.0.0"
      }
    },
    "node_modules/tsyringe/node_modules/tslib": {
      "version": "1.14.1",
      "resolved": "https://registry.npmjs.org/tslib/-/tslib-1.14.1.tgz",
      "integrity": "sha512-Xni35NKzjgMrwevysHTCArtLDpPvye8zV/0E4EyYn43P7/7qvQwPh9BGkHewbMulVntbigmcT7rdX3BNo9wRJg==",
      "license": "0BSD",
      "optional": true
    },
    "node_modules/universalify": {
      "version": "2.0.1",
      "resolved": "https://registry.npmjs.org/universalify/-/universalify-2.0.1.tgz",
      "integrity": "sha512-gptHNQghINnc/vTGIk0SOFGFNXw7JVrlRUtConJRlvaw6DuX0wO5Jeko9sWrMBhh+PsYAZ7oXAiOnf/UKogyiw==",
      "license": "MIT",
      "optional": true,
      "engines": {
        "node": ">= 10.0.0"
      }
    },
    "node_modules/webidl-conversions": {
      "version": "7.0.0",
      "resolved": "https://registry.npmjs.org/webidl-conversions/-/webidl-conversions-7.0.0.tgz",
      "integrity": "sha512-VwddBukDzu71offAQR975unBIGqfKZpM+8ZX6ySk8nYhVoo5CYaZyzt3YBvYtRtO+aoGlqxPg/B87NGVZ/fu6g==",
      "license": "BSD-2-Clause",
      "engines": {
        "node": ">=12"
      }
    },
    "node_modules/whatwg-url": {
      "version": "14.2.0",
      "resolved": "https://registry.npmjs.org/whatwg-url/-/whatwg-url-14.2.0.tgz",
      "integrity": "sha512-De72GdQZzNTUBBChsXueQUnPKDkg/5A5zp7pFDuQAj5UFoENpiACU0wlCvzpAGnTkj++ihpKwKyYewn/XNUbKw==",
      "license": "MIT",
      "dependencies": {
        "tr46": "^5.1.0",
        "webidl-conversions": "^7.0.0"
      },
      "engines": {
        "node": ">=18"
      }
    }
  }
}
